
Microsoft Visual Studio Solution File, Format Version 12.00
# Visual Studio Version 16
VisualStudioVersion = 16.0.29215.179
MinimumVisualStudioVersion = 10.0.40219.1
Project("{888888A0-9F3D-457C-B088-3A5042F75D52}") = "Conover_Midterm", "Conover_Midterm.pyproj", "{5902A37F-FF6B-4362-839D-1E1DD3414C01}"
EndProject
Global
	GlobalSection(SolutionConfigurationPlatforms) = preSolution
		Debug|Any CPU = Debug|Any CPU
		Release|Any CPU = Release|Any CPU
	EndGlobalSection
	GlobalSection(ProjectConfigurationPlatforms) = postSolution
		{5902A37F-FF6B-4362-839D-1E1DD3414C01}.Debug|Any CPU.ActiveCfg = Debug|Any CPU
		{5902A37F-FF6B-4362-839D-1E1DD3414C01}.Release|Any CPU.ActiveCfg = Release|Any CPU
	EndGlobalSection
	GlobalSection(SolutionProperties) = preSolution
		HideSolutionNode = FALSE
	EndGlobalSection
	GlobalSection(ExtensibilityGlobals) = postSolution
		SolutionGuid = {0D7329EA-110C-477D-A653-A2912F75C156}
	EndGlobalSection
EndGlobal
