
Microsoft Visual Studio Solution File, Format Version 12.00
# Visual Studio Version 16
VisualStudioVersion = 16.0.30114.105
MinimumVisualStudioVersion = 10.0.40219.1
Project("{FAE04EC0-301F-11D3-BF4B-00C04F79EFBC}") = "SimpleCalculator", "SimpleCalculator.csproj", "{220FE2CB-D273-4E9A-948D-44CF14C956CC}"
EndProject
Global
	GlobalSection(SolutionConfigurationPlatforms) = preSolution
		Debug|Any CPU = Debug|Any CPU
		Release|Any CPU = Release|Any CPU
	EndGlobalSection
	GlobalSection(ProjectConfigurationPlatforms) = postSolution
		{220FE2CB-D273-4E9A-948D-44CF14C956CC}.Debug|Any CPU.ActiveCfg = Debug|Any CPU
		{220FE2CB-D273-4E9A-948D-44CF14C956CC}.Debug|Any CPU.Build.0 = Debug|Any CPU
		{220FE2CB-D273-4E9A-948D-44CF14C956CC}.Release|Any CPU.ActiveCfg = Release|Any CPU
		{220FE2CB-D273-4E9A-948D-44CF14C956CC}.Release|Any CPU.Build.0 = Release|Any CPU
	EndGlobalSection
	GlobalSection(SolutionProperties) = preSolution
		HideSolutionNode = FALSE
	EndGlobalSection
	GlobalSection(ExtensibilityGlobals) = postSolution
		SolutionGuid = {69C90C05-D699-4CAF-A1A5-70DD179B704D}
	EndGlobalSection
EndGlobal
