
Microsoft Visual Studio Solution File, Format Version 12.00
# Visual Studio Version 16
VisualStudioVersion = 16.0.29613.14
MinimumVisualStudioVersion = 10.0.40219.1
Project("{8BC9CEB8-8B4A-11D0-8D11-00A0C91BC942}") = "Default Project", "Default Project.vcxproj", "{D3CB9DC1-4ED5-4536-B7EF-6A9D1CE467AB}"
EndProject
Global
	GlobalSection(SolutionConfigurationPlatforms) = preSolution
		Debug|x64 = Debug|x64
		Debug|x86 = Debug|x86
		Release|x64 = Release|x64
		Release|x86 = Release|x86
	EndGlobalSection
	GlobalSection(ProjectConfigurationPlatforms) = postSolution
		{D3CB9DC1-4ED5-4536-B7EF-6A9D1CE467AB}.Debug|x64.ActiveCfg = Debug|x64
		{D3CB9DC1-4ED5-4536-B7EF-6A9D1CE467AB}.Debug|x64.Build.0 = Debug|x64
		{D3CB9DC1-4ED5-4536-B7EF-6A9D1CE467AB}.Debug|x86.ActiveCfg = Debug|Win32
		{D3CB9DC1-4ED5-4536-B7EF-6A9D1CE467AB}.Debug|x86.Build.0 = Debug|Win32
		{D3CB9DC1-4ED5-4536-B7EF-6A9D1CE467AB}.Release|x64.ActiveCfg = Release|x64
		{D3CB9DC1-4ED5-4536-B7EF-6A9D1CE467AB}.Release|x64.Build.0 = Release|x64
		{D3CB9DC1-4ED5-4536-B7EF-6A9D1CE467AB}.Release|x86.ActiveCfg = Release|Win32
		{D3CB9DC1-4ED5-4536-B7EF-6A9D1CE467AB}.Release|x86.Build.0 = Release|Win32
	EndGlobalSection
	GlobalSection(SolutionProperties) = preSolution
		HideSolutionNode = FALSE
	EndGlobalSection
	GlobalSection(ExtensibilityGlobals) = postSolution
		SolutionGuid = {2DF59E65-5144-4438-BDD4-FB8BA02C89DD}
	EndGlobalSection
EndGlobal
