
Microsoft Visual Studio Solution File, Format Version 12.00
# Visual Studio Version 16
VisualStudioVersion = 16.0.30114.105
MinimumVisualStudioVersion = 10.0.40219.1
Project("{FAE04EC0-301F-11D3-BF4B-00C04F79EFBC}") = "CalculateLetterGrade", "CalculateLetterGrade.csproj", "{E27D0CC0-8839-4ACA-8F8B-4E19A5B72276}"
EndProject
Global
	GlobalSection(SolutionConfigurationPlatforms) = preSolution
		Debug|Any CPU = Debug|Any CPU
		Release|Any CPU = Release|Any CPU
	EndGlobalSection
	GlobalSection(ProjectConfigurationPlatforms) = postSolution
		{E27D0CC0-8839-4ACA-8F8B-4E19A5B72276}.Debug|Any CPU.ActiveCfg = Debug|Any CPU
		{E27D0CC0-8839-4ACA-8F8B-4E19A5B72276}.Debug|Any CPU.Build.0 = Debug|Any CPU
		{E27D0CC0-8839-4ACA-8F8B-4E19A5B72276}.Release|Any CPU.ActiveCfg = Release|Any CPU
		{E27D0CC0-8839-4ACA-8F8B-4E19A5B72276}.Release|Any CPU.Build.0 = Release|Any CPU
	EndGlobalSection
	GlobalSection(SolutionProperties) = preSolution
		HideSolutionNode = FALSE
	EndGlobalSection
	GlobalSection(ExtensibilityGlobals) = postSolution
		SolutionGuid = {15D2FFBD-7E25-441B-A242-DA30AB5544F1}
	EndGlobalSection
EndGlobal
