
Microsoft Visual Studio Solution File, Format Version 12.00
# Visual Studio Version 16
VisualStudioVersion = 16.0.30114.105
MinimumVisualStudioVersion = 10.0.40219.1
Project("{FAE04EC0-301F-11D3-BF4B-00C04F79EFBC}") = "Test_App", "Test_App.csproj", "{D525425A-9B99-43E8-9463-461B19706437}"
EndProject
Global
	GlobalSection(SolutionConfigurationPlatforms) = preSolution
		Debug|Any CPU = Debug|Any CPU
		Release|Any CPU = Release|Any CPU
	EndGlobalSection
	GlobalSection(ProjectConfigurationPlatforms) = postSolution
		{D525425A-9B99-43E8-9463-461B19706437}.Debug|Any CPU.ActiveCfg = Debug|Any CPU
		{D525425A-9B99-43E8-9463-461B19706437}.Debug|Any CPU.Build.0 = Debug|Any CPU
		{D525425A-9B99-43E8-9463-461B19706437}.Release|Any CPU.ActiveCfg = Release|Any CPU
		{D525425A-9B99-43E8-9463-461B19706437}.Release|Any CPU.Build.0 = Release|Any CPU
	EndGlobalSection
	GlobalSection(SolutionProperties) = preSolution
		HideSolutionNode = FALSE
	EndGlobalSection
	GlobalSection(ExtensibilityGlobals) = postSolution
		SolutionGuid = {21B1CF04-4D39-4332-9DC0-39E81918CF55}
	EndGlobalSection
EndGlobal
