
Microsoft Visual Studio Solution File, Format Version 12.00
# Visual Studio Version 16
VisualStudioVersion = 16.0.30114.105
MinimumVisualStudioVersion = 10.0.40219.1
Project("{FAE04EC0-301F-11D3-BF4B-00C04F79EFBC}") = "CalculateChange", "CalculateChange.csproj", "{2EE1B4BB-F63F-49E6-A056-99F7C0BE5D3E}"
EndProject
Global
	GlobalSection(SolutionConfigurationPlatforms) = preSolution
		Debug|Any CPU = Debug|Any CPU
		Release|Any CPU = Release|Any CPU
	EndGlobalSection
	GlobalSection(ProjectConfigurationPlatforms) = postSolution
		{2EE1B4BB-F63F-49E6-A056-99F7C0BE5D3E}.Debug|Any CPU.ActiveCfg = Debug|Any CPU
		{2EE1B4BB-F63F-49E6-A056-99F7C0BE5D3E}.Debug|Any CPU.Build.0 = Debug|Any CPU
		{2EE1B4BB-F63F-49E6-A056-99F7C0BE5D3E}.Release|Any CPU.ActiveCfg = Release|Any CPU
		{2EE1B4BB-F63F-49E6-A056-99F7C0BE5D3E}.Release|Any CPU.Build.0 = Release|Any CPU
	EndGlobalSection
	GlobalSection(SolutionProperties) = preSolution
		HideSolutionNode = FALSE
	EndGlobalSection
	GlobalSection(ExtensibilityGlobals) = postSolution
		SolutionGuid = {51EC5B58-CD23-4EBD-B27F-BE6192F9C249}
	EndGlobalSection
EndGlobal
