
Microsoft Visual Studio Solution File, Format Version 12.00
# Visual Studio Version 16
VisualStudioVersion = 16.0.30114.105
MinimumVisualStudioVersion = 10.0.40219.1
Project("{9092AA53-FB77-4645-B42D-1CCCA6BD08BD}") = "Sandbox", "Sandbox.njsproj", "{CBBF7937-0FC9-45B0-8B26-BE0BA3D4260F}"
EndProject
Global
	GlobalSection(SolutionConfigurationPlatforms) = preSolution
		Debug|Any CPU = Debug|Any CPU
		Release|Any CPU = Release|Any CPU
	EndGlobalSection
	GlobalSection(ProjectConfigurationPlatforms) = postSolution
		{CBBF7937-0FC9-45B0-8B26-BE0BA3D4260F}.Debug|Any CPU.ActiveCfg = Debug|Any CPU
		{CBBF7937-0FC9-45B0-8B26-BE0BA3D4260F}.Debug|Any CPU.Build.0 = Debug|Any CPU
		{CBBF7937-0FC9-45B0-8B26-BE0BA3D4260F}.Release|Any CPU.ActiveCfg = Release|Any CPU
		{CBBF7937-0FC9-45B0-8B26-BE0BA3D4260F}.Release|Any CPU.Build.0 = Release|Any CPU
	EndGlobalSection
	GlobalSection(SolutionProperties) = preSolution
		HideSolutionNode = FALSE
	EndGlobalSection
	GlobalSection(ExtensibilityGlobals) = postSolution
		SolutionGuid = {F2DFC283-A0F7-4A45-BF59-C94A5CA62713}
	EndGlobalSection
EndGlobal
