
Microsoft Visual Studio Solution File, Format Version 12.00
# Visual Studio Version 16
VisualStudioVersion = 16.0.29613.14
MinimumVisualStudioVersion = 10.0.40219.1
Project("{8BC9CEB8-8B4A-11D0-8D11-00A0C91BC942}") = "4.4", "4.4.vcxproj", "{BA49C37B-33E5-4CEC-8BCC-D744E0FA2BBF}"
EndProject
Global
	GlobalSection(SolutionConfigurationPlatforms) = preSolution
		Debug|x64 = Debug|x64
		Debug|x86 = Debug|x86
		Release|x64 = Release|x64
		Release|x86 = Release|x86
	EndGlobalSection
	GlobalSection(ProjectConfigurationPlatforms) = postSolution
		{BA49C37B-33E5-4CEC-8BCC-D744E0FA2BBF}.Debug|x64.ActiveCfg = Debug|x64
		{BA49C37B-33E5-4CEC-8BCC-D744E0FA2BBF}.Debug|x64.Build.0 = Debug|x64
		{BA49C37B-33E5-4CEC-8BCC-D744E0FA2BBF}.Debug|x86.ActiveCfg = Debug|Win32
		{BA49C37B-33E5-4CEC-8BCC-D744E0FA2BBF}.Debug|x86.Build.0 = Debug|Win32
		{BA49C37B-33E5-4CEC-8BCC-D744E0FA2BBF}.Release|x64.ActiveCfg = Release|x64
		{BA49C37B-33E5-4CEC-8BCC-D744E0FA2BBF}.Release|x64.Build.0 = Release|x64
		{BA49C37B-33E5-4CEC-8BCC-D744E0FA2BBF}.Release|x86.ActiveCfg = Release|Win32
		{BA49C37B-33E5-4CEC-8BCC-D744E0FA2BBF}.Release|x86.Build.0 = Release|Win32
	EndGlobalSection
	GlobalSection(SolutionProperties) = preSolution
		HideSolutionNode = FALSE
	EndGlobalSection
	GlobalSection(ExtensibilityGlobals) = postSolution
		SolutionGuid = {2A76F812-BE71-48CF-8ADB-FCFA36C48807}
	EndGlobalSection
EndGlobal
