
Microsoft Visual Studio Solution File, Format Version 12.00
# Visual Studio Version 16
VisualStudioVersion = 16.0.30114.105
MinimumVisualStudioVersion = 10.0.40219.1
Project("{FAE04EC0-301F-11D3-BF4B-00C04F79EFBC}") = "Factorial", "Factorial.csproj", "{E179911D-86FA-436F-A92B-66A13F33F73D}"
EndProject
Global
	GlobalSection(SolutionConfigurationPlatforms) = preSolution
		Debug|Any CPU = Debug|Any CPU
		Release|Any CPU = Release|Any CPU
	EndGlobalSection
	GlobalSection(ProjectConfigurationPlatforms) = postSolution
		{E179911D-86FA-436F-A92B-66A13F33F73D}.Debug|Any CPU.ActiveCfg = Debug|Any CPU
		{E179911D-86FA-436F-A92B-66A13F33F73D}.Debug|Any CPU.Build.0 = Debug|Any CPU
		{E179911D-86FA-436F-A92B-66A13F33F73D}.Release|Any CPU.ActiveCfg = Release|Any CPU
		{E179911D-86FA-436F-A92B-66A13F33F73D}.Release|Any CPU.Build.0 = Release|Any CPU
	EndGlobalSection
	GlobalSection(SolutionProperties) = preSolution
		HideSolutionNode = FALSE
	EndGlobalSection
	GlobalSection(ExtensibilityGlobals) = postSolution
		SolutionGuid = {BA111D4C-79B6-49EA-A415-69B60BDEF37B}
	EndGlobalSection
EndGlobal
